
Microsoft Visual Studio Solution File, Format Version 12.00
# Visual Studio Version 16
VisualStudioVersion = 16.0.34931.43
MinimumVisualStudioVersion = 10.0.40219.1
Project("{FAE04EC0-301F-11D3-BF4B-00C04F79EFBC}") = "NetCad.Data", "..\NetCad.DataLayer\NetCad.Data.csproj", "{88AAA0AF-8258-4586-993C-7A5BCB7FD8DB}"
EndProject
Project("{FAE04EC0-301F-11D3-BF4B-00C04F79EFBC}") = "NetCad.MailWinService", "..\NetCad.MailWinService\NetCad.MailWinService.csproj", "{4518BD82-EC83-470A-8524-5A0F6F22AC7D}"
EndProject
Project("{FAE04EC0-301F-11D3-BF4B-00C04F79EFBC}") = "NetCad.Services", "..\NetCad.Services\NetCad.Services.csproj", "{1E6C3C32-BC40-4EE8-9873-94538E38774E}"
EndProject
Project("{FAE04EC0-301F-11D3-BF4B-00C04F79EFBC}") = "NetCad.StudentManagementDesktop", "..\NetCad.StudentManagementDesktop\NetCad.StudentManagementDesktop.csproj", "{BBDCF0DD-AF25-4C98-AE45-F04ECB450F4D}"
EndProject
Project("{FAE04EC0-301F-11D3-BF4B-00C04F79EFBC}") = "NetCad.Entity", "NetCad.Entity\NetCad.Entity.csproj", "{ACE704D3-C65E-4B51-AA40-60D72C9752F6}"
EndProject
Global
	GlobalSection(SolutionConfigurationPlatforms) = preSolution
		Debug|Any CPU = Debug|Any CPU
		Release|Any CPU = Release|Any CPU
	EndGlobalSection
	GlobalSection(ProjectConfigurationPlatforms) = postSolution
		{88AAA0AF-8258-4586-993C-7A5BCB7FD8DB}.Debug|Any CPU.ActiveCfg = Debug|Any CPU
		{88AAA0AF-8258-4586-993C-7A5BCB7FD8DB}.Debug|Any CPU.Build.0 = Debug|Any CPU
		{88AAA0AF-8258-4586-993C-7A5BCB7FD8DB}.Release|Any CPU.ActiveCfg = Release|Any CPU
		{88AAA0AF-8258-4586-993C-7A5BCB7FD8DB}.Release|Any CPU.Build.0 = Release|Any CPU
		{4518BD82-EC83-470A-8524-5A0F6F22AC7D}.Debug|Any CPU.ActiveCfg = Debug|Any CPU
		{4518BD82-EC83-470A-8524-5A0F6F22AC7D}.Debug|Any CPU.Build.0 = Debug|Any CPU
		{4518BD82-EC83-470A-8524-5A0F6F22AC7D}.Release|Any CPU.ActiveCfg = Release|Any CPU
		{4518BD82-EC83-470A-8524-5A0F6F22AC7D}.Release|Any CPU.Build.0 = Release|Any CPU
		{1E6C3C32-BC40-4EE8-9873-94538E38774E}.Debug|Any CPU.ActiveCfg = Debug|Any CPU
		{1E6C3C32-BC40-4EE8-9873-94538E38774E}.Debug|Any CPU.Build.0 = Debug|Any CPU
		{1E6C3C32-BC40-4EE8-9873-94538E38774E}.Release|Any CPU.ActiveCfg = Release|Any CPU
		{1E6C3C32-BC40-4EE8-9873-94538E38774E}.Release|Any CPU.Build.0 = Release|Any CPU
		{BBDCF0DD-AF25-4C98-AE45-F04ECB450F4D}.Debug|Any CPU.ActiveCfg = Debug|Any CPU
		{BBDCF0DD-AF25-4C98-AE45-F04ECB450F4D}.Debug|Any CPU.Build.0 = Debug|Any CPU
		{BBDCF0DD-AF25-4C98-AE45-F04ECB450F4D}.Release|Any CPU.ActiveCfg = Release|Any CPU
		{BBDCF0DD-AF25-4C98-AE45-F04ECB450F4D}.Release|Any CPU.Build.0 = Release|Any CPU
		{ACE704D3-C65E-4B51-AA40-60D72C9752F6}.Debug|Any CPU.ActiveCfg = Debug|Any CPU
		{ACE704D3-C65E-4B51-AA40-60D72C9752F6}.Debug|Any CPU.Build.0 = Debug|Any CPU
		{ACE704D3-C65E-4B51-AA40-60D72C9752F6}.Release|Any CPU.ActiveCfg = Release|Any CPU
		{ACE704D3-C65E-4B51-AA40-60D72C9752F6}.Release|Any CPU.Build.0 = Release|Any CPU
	EndGlobalSection
	GlobalSection(SolutionProperties) = preSolution
		HideSolutionNode = FALSE
	EndGlobalSection
	GlobalSection(ExtensibilityGlobals) = postSolution
		SolutionGuid = {12163149-2686-4EE1-9607-14B8F3FBEBE9}
	EndGlobalSection
EndGlobal
